{
  "name": "dynasty-sim",
  "version": "0.1.0",
  "lockfileVersion": 3,
  "requires": true,
  "packages": {
    "": {
      "name": "dynasty-sim",
      "version": "0.1.0",
      "dependencies": {
        "@vitejs/plugin-react": "latest",
        "react": "latest",
        "react-dom": "latest",
        "typescript": "latest",
        "vite": "latest",
        "vitest": "latest"
      },
      "engines": {
        "node": ">=22"
      }
    }
  }
}